// !$*UTF8*$!
{
	archiveVersion = 1;
	classes = {
	};
	objectVersion = 77;
	objects = {

/* Begin PBXContainerItemProxy section */
		D09A7D0B2CE3FB92004AC048 /* PBXContainerItemProxy */ = {
			isa = PBXContainerItemProxy;
			containerPortal = D09A7CF22CE3FB90004AC048 /* Project object */;
			proxyType = 1;
			remoteGlobalIDString = D09A7CF92CE3FB90004AC048;
			remoteInfo = EmojiHunter;
		};
		D09A7D152CE3FB92004AC048 /* PBXContainerItemProxy */ = {
			isa = PBXContainerItemProxy;
			containerPortal = D09A7CF22CE3FB90004AC048 /* Project object */;
			proxyType = 1;
			remoteGlobalIDString = D09A7CF92CE3FB90004AC048;
			remoteInfo = EmojiHunter;
		};
/* End PBXContainerItemProxy section */

/* Begin PBXFileReference section */
		D09A7CFA2CE3FB90004AC048 /* EmojiHunter.app */ = {isa = PBXFileReference; explicitFileType = wrapper.application; includeInIndex = 0; path = EmojiHunter.app; sourceTree = BUILT_PRODUCTS_DIR; };
		D09A7D0A2CE3FB92004AC048 /* EmojiHunterTests.xctest */ = {isa = PBXFileReference; explicitFileType = wrapper.cfbundle; includeInIndex = 0; path = EmojiHunterTests.xctest; sourceTree = BUILT_PRODUCTS_DIR; };
		D09A7D142CE3FB92004AC048 /* EmojiHunterUITests.xctest */ = {isa = PBXFileReference; explicitFileType = wrapper.cfbundle; includeInIndex = 0; path = EmojiHunterUITests.xctest; sourceTree = BUILT_PRODUCTS_DIR; };
/* End PBXFileReference section */

/* Begin PBXFileSystemSynchronizedRootGroup section */
		D09A7CFC2CE3FB90004AC048 /* EmojiHunter */ = {
			isa = PBXFileSystemSynchronizedRootGroup;
			path = EmojiHunter;
			sourceTree = "<group>";
		};
		D09A7D0D2CE3FB92004AC048 /* EmojiHunterTests */ = {
			isa = PBXFileSystemSynchronizedRootGroup;
			path = EmojiHunterTests;
			sourceTree = "<group>";
		};
		D09A7D172CE3FB92004AC048 /* EmojiHunterUITests */ = {
			isa = PBXFileSystemSynchronizedRootGroup;
			path = EmojiHunterUITests;
			sourceTree = "<group>";
		};
/* End PBXFileSystemSynchronizedRootGroup section */

/* Begin PBXFrameworksBuildPhase section */
		D09A7CF72CE3FB90004AC048 /* Frameworks */ = {
			isa = PBXFrameworksBuildPhase;
			buildActionMask = 2147483647;
			files = (
			);
			runOnlyForDeploymentPostprocessing = 0;
		};
		D09A7D072CE3FB92004AC048 /* Frameworks */ = {
			isa = PBXFrameworksBuildPhase;
			buildActionMask = 2147483647;
			files = (
			);
			runOnlyForDeploymentPostprocessing = 0;
		};
		D09A7D112CE3FB92004AC048 /* Frameworks */ = {
			isa = PBXFrameworksBuildPhase;
			buildActionMask = 2147483647;
			files = (
			);
			runOnlyForDeploymentPostprocessing = 0;
		};
/* End PBXFrameworksBuildPhase section */

/* Begin PBXGroup section */
		D09A7CF12CE3FB90004AC048 = {
			isa = PBXGroup;
			children = (
				D09A7CFC2CE3FB90004AC048 /* EmojiHunter */,
				D09A7D0D2CE3FB92004AC048 /* EmojiHunterTests */,
				D09A7D172CE3FB92004AC048 /* EmojiHunterUITests */,
				D09A7CFB2CE3FB90004AC048 /* Products */,
			);
			sourceTree = "<group>";
		};
		D09A7CFB2CE3FB90004AC048 /* Products */ = {
			isa = PBXGroup;
			children = (
				D09A7CFA2CE3FB90004AC048 /* EmojiHunter.app */,
				D09A7D0A2CE3FB92004AC048 /* EmojiHunterTests.xctest */,
				D09A7D142CE3FB92004AC048 /* EmojiHunterUITests.xctest */,
			);
			name = Products;
			sourceTree = "<group>";
		};
/* End PBXGroup section */

/* Begin PBXNativeTarget section */
		D09A7CF92CE3FB90004AC048 /* EmojiHunter */ = {
			isa = PBXNativeTarget;
			buildConfigurationList = D09A7D1E2CE3FB92004AC048 /* Build configuration list for PBXNativeTarget "EmojiHunter" */;
			buildPhases = (
				D09A7CF62CE3FB90004AC048 /* Sources */,
				D09A7CF72CE3FB90004AC048 /* Frameworks */,
				D09A7CF82CE3FB90004AC048 /* Resources */,
			);
			buildRules = (
			);
			dependencies = (
			);
			fileSystemSynchronizedGroups = (
				D09A7CFC2CE3FB90004AC048 /* EmojiHunter */,
			);
			name = EmojiHunter;
			packageProductDependencies = (
			);
			productName = EmojiHunter;
			productReference = D09A7CFA2CE3FB90004AC048 /* EmojiHunter.app */;
			productType = "com.apple.product-type.application";
		};
		D09A7D092CE3FB92004AC048 /* EmojiHunterTests */ = {
			isa = PBXNativeTarget;
			buildConfigurationList = D09A7D212CE3FB92004AC048 /* Build configuration list for PBXNativeTarget "EmojiHunterTests" */;
			buildPhases = (
				D09A7D062CE3FB92004AC048 /* Sources */,
				D09A7D072CE3FB92004AC048 /* Frameworks */,
				D09A7D082CE3FB92004AC048 /* Resources */,
			);
			buildRules = (
			);
			dependencies = (
				D09A7D0C2CE3FB92004AC048 /* PBXTargetDependency */,
			);
			fileSystemSynchronizedGroups = (
				D09A7D0D2CE3FB92004AC048 /* EmojiHunterTests */,
			);
			name = EmojiHunterTests;
			packageProductDependencies = (
			);
			productName = EmojiHunterTests;
			productReference = D09A7D0A2CE3FB92004AC048 /* EmojiHunterTests.xctest */;
			productType = "com.apple.product-type.bundle.unit-test";
		};
		D09A7D132CE3FB92004AC048 /* EmojiHunterUITests */ = {
			isa = PBXNativeTarget;
			buildConfigurationList = D09A7D242CE3FB92004AC048 /* Build configuration list for PBXNativeTarget "EmojiHunterUITests" */;
			buildPhases = (
				D09A7D102CE3FB92004AC048 /* Sources */,
				D09A7D112CE3FB92004AC048 /* Frameworks */,
				D09A7D122CE3FB92004AC048 /* Resources */,
			);
			buildRules = (
			);
			dependencies = (
				D09A7D162CE3FB92004AC048 /* PBXTargetDependency */,
			);
			fileSystemSynchronizedGroups = (
				D09A7D172CE3FB92004AC048 /* EmojiHunterUITests */,
			);
			name = EmojiHunterUITests;
			packageProductDependencies = (
			);
			productName = EmojiHunterUITests;
			productReference = D09A7D142CE3FB92004AC048 /* EmojiHunterUITests.xctest */;
			productType = "com.apple.product-type.bundle.ui-testing";
		};
/* End PBXNativeTarget section */

/* Begin PBXProject section */
		D09A7CF22CE3FB90004AC048 /* Project object */ = {
			isa = PBXProject;
			attributes = {
				BuildIndependentTargetsInParallel = 1;
				LastSwiftUpdateCheck = 1610;
				LastUpgradeCheck = 1610;
				TargetAttributes = {
					D09A7CF92CE3FB90004AC048 = {
						CreatedOnToolsVersion = 16.1;
					};
					D09A7D092CE3FB92004AC048 = {
						CreatedOnToolsVersion = 16.1;
						TestTargetID = D09A7CF92CE3FB90004AC048;
					};
					D09A7D132CE3FB92004AC048 = {
						CreatedOnToolsVersion = 16.1;
						TestTargetID = D09A7CF92CE3FB90004AC048;
					};
				};
			};
			buildConfigurationList = D09A7CF52CE3FB90004AC048 /* Build configuration list for PBXProject "EmojiHunter" */;
			developmentRegion = en;
			hasScannedForEncodings = 0;
			knownRegions = (
				en,
				Base,
			);
			mainGroup = D09A7CF12CE3FB90004AC048;
			minimizedProjectReferenceProxies = 1;
			preferredProjectObjectVersion = 77;
			productRefGroup = D09A7CFB2CE3FB90004AC048 /* Products */;
			projectDirPath = "";
			projectRoot = "";
			targets = (
				D09A7CF92CE3FB90004AC048 /* EmojiHunter */,
				D09A7D092CE3FB92004AC048 /* EmojiHunterTests */,
				D09A7D132CE3FB92004AC048 /* EmojiHunterUITests */,
			);
		};
/* End PBXProject section */

/* Begin PBXResourcesBuildPhase section */
		D09A7CF82CE3FB90004AC048 /* Resources */ = {
			isa = PBXResourcesBuildPhase;
			buildActionMask = 2147483647;
			files = (
			);
			runOnlyForDeploymentPostprocessing = 0;
		};
		D09A7D082CE3FB92004AC048 /* Resources */ = {
			isa = PBXResourcesBuildPhase;
			buildActionMask = 2147483647;
			files = (
			);
			runOnlyForDeploymentPostprocessing = 0;
		};
		D09A7D122CE3FB92004AC048 /* Resources */ = {
			isa = PBXResourcesBuildPhase;
			buildActionMask = 2147483647;
			files = (
			);
			runOnlyForDeploymentPostprocessing = 0;
		};
/* End PBXResourcesBuildPhase section */

/* Begin PBXSourcesBuildPhase section */
		D09A7CF62CE3FB90004AC048 /* Sources */ = {
			isa = PBXSourcesBuildPhase;
			buildActionMask = 2147483647;
			files = (
			);
			runOnlyForDeploymentPostprocessing = 0;
		};
		D09A7D062CE3FB92004AC048 /* Sources */ = {
			isa = PBXSourcesBuildPhase;
			buildActionMask = 2147483647;
			files = (
			);
			runOnlyForDeploymentPostprocessing = 0;
		};
		D09A7D102CE3FB92004AC048 /* Sources */ = {
			isa = PBXSourcesBuildPhase;
			buildActionMask = 2147483647;
			files = (
			);
			runOnlyForDeploymentPostprocessing = 0;
		};
/* End PBXSourcesBuildPhase section */

/* Begin PBXTargetDependency section */
		D09A7D0C2CE3FB92004AC048 /* PBXTargetDependency */ = {
			isa = PBXTargetDependency;
			target = D09A7CF92CE3FB90004AC048 /* EmojiHunter */;
			targetProxy = D09A7D0B2CE3FB92004AC048 /* PBXContainerItemProxy */;
		};
		D09A7D162CE3FB92004AC048 /* PBXTargetDependency */ = {
			isa = PBXTargetDependency;
			target = D09A7CF92CE3FB90004AC048 /* EmojiHunter */;
			targetProxy = D09A7D152CE3FB92004AC048 /* PBXContainerItemProxy */;
		};
/* End PBXTargetDependency section */

/* Begin XCBuildConfiguration section */
		D09A7D1C2CE3FB92004AC048 /* Debug */ = {
			isa = XCBuildConfiguration;
			buildSettings = {
				ALWAYS_SEARCH_USER_PATHS = NO;
				ASSETCATALOG_COMPILER_GENERATE_SWIFT_ASSET_SYMBOL_EXTENSIONS = YES;
				CLANG_ANALYZER_NONNULL = YES;
				CLANG_ANALYZER_NUMBER_OBJECT_CONVERSION = YES_AGGRESSIVE;
				CLANG_CXX_LANGUAGE_STANDARD = "gnu++20";
				CLANG_ENABLE_MODULES = YES;
				CLANG_ENABLE_OBJC_ARC = YES;
				CLANG_ENABLE_OBJC_WEAK = YES;
				CLANG_WARN_BLOCK_CAPTURE_AUTORELEASING = YES;
				CLANG_WARN_BOOL_CONVERSION = YES;
				CLANG_WARN_COMMA = YES;
				CLANG_WARN_CONSTANT_CONVERSION = YES;
				CLANG_WARN_DEPRECATED_OBJC_IMPLEMENTATIONS = YES;
				CLANG_WARN_DIRECT_OBJC_ISA_USAGE = YES_ERROR;
				CLANG_WARN_DOCUMENTATION_COMMENTS = YES;
				CLANG_WARN_EMPTY_BODY = YES;
				CLANG_WARN_ENUM_CONVERSION = YES;
				CLANG_WARN_INFINITE_RECURSION = YES;
				CLANG_WARN_INT_CONVERSION = YES;
				CLANG_WARN_NON_LITERAL_NULL_CONVERSION = YES;
				CLANG_WARN_OBJC_IMPLICIT_RETAIN_SELF = YES;
				CLANG_WARN_OBJC_LITERAL_CONVERSION = YES;
				CLANG_WARN_OBJC_ROOT_CLASS = YES_ERROR;
				CLANG_WARN_QUOTED_INCLUDE_IN_FRAMEWORK_HEADER = YES;
				CLANG_WARN_RANGE_LOOP_ANALYSIS = YES;
				CLANG_WARN_STRICT_PROTOTYPES = YES;
				CLANG_WARN_SUSPICIOUS_MOVE = YES;
				CLANG_WARN_UNGUARDED_AVAILABILITY = YES_AGGRESSIVE;
				CLANG_WARN_UNREACHABLE_CODE = YES;
				CLANG_WARN__DUPLICATE_METHOD_MATCH = YES;
				COPY_PHASE_STRIP = NO;
				DEBUG_INFORMATION_FORMAT = dwarf;
				ENABLE_STRICT_OBJC_MSGSEND = YES;
				ENABLE_TESTABILITY = YES;
				ENABLE_USER_SCRIPT_SANDBOXING = YES;
				GCC_C_LANGUAGE_STANDARD = gnu17;
				GCC_DYNAMIC_NO_PIC = NO;
				GCC_NO_COMMON_BLOCKS = YES;
				GCC_OPTIMIZATION_LEVEL = 0;
				GCC_PREPROCESSOR_DEFINITIONS = (
					"DEBUG=1",
					"$(inherited)",
				);
				GCC_WARN_64_TO_32_BIT_CONVERSION = YES;
				GCC_WARN_ABOUT_RETURN_TYPE = YES_ERROR;
				GCC_WARN_UNDECLARED_SELECTOR = YES;
				GCC_WARN_UNINITIALIZED_AUTOS = YES_AGGRESSIVE;
				GCC_WARN_UNUSED_FUNCTION = YES;
				GCC_WARN_UNUSED_VARIABLE = YES;
				IPHONEOS_DEPLOYMENT_TARGET = 18.1;
				LOCALIZATION_PREFERS_STRING_CATALOGS = YES;
				MTL_ENABLE_DEBUG_INFO = INCLUDE_SOURCE;
				MTL_FAST_MATH = YES;
				ONLY_ACTIVE_ARCH = YES;
				SDKROOT = iphoneos;
				SWIFT_ACTIVE_COMPILATION_CONDITIONS = "DEBUG $(inherited)";
				SWIFT_OPTIMIZATION_LEVEL = "-Onone";
			};
			name = Debug;
		};
		D09A7D1D2CE3FB92004AC048 /* Release */ = {
			isa = XCBuildConfiguration;
			buildSettings = {
				ALWAYS_SEARCH_USER_PATHS = NO;
				ASSETCATALOG_COMPILER_GENERATE_SWIFT_ASSET_SYMBOL_EXTENSIONS = YES;
				CLANG_ANALYZER_NONNULL = YES;
				CLANG_ANALYZER_NUMBER_OBJECT_CONVERSION = YES_AGGRESSIVE;
				CLANG_CXX_LANGUAGE_STANDARD = "gnu++20";
				CLANG_ENABLE_MODULES = YES;
				CLANG_ENABLE_OBJC_ARC = YES;
				CLANG_ENABLE_OBJC_WEAK = YES;
				CLANG_WARN_BLOCK_CAPTURE_AUTORELEASING = YES;
				CLANG_WARN_BOOL_CONVERSION = YES;
				CLANG_WARN_COMMA = YES;
				CLANG_WARN_CONSTANT_CONVERSION = YES;
				CLANG_WARN_DEPRECATED_OBJC_IMPLEMENTATIONS = YES;
				CLANG_WARN_DIRECT_OBJC_ISA_USAGE = YES_ERROR;
				CLANG_WARN_DOCUMENTATION_COMMENTS = YES;
				CLANG_WARN_EMPTY_BODY = YES;
				CLANG_WARN_ENUM_CONVERSION = YES;
				CLANG_WARN_INFINITE_RECURSION = YES;
				CLANG_WARN_INT_CONVERSION = YES;
				CLANG_WARN_NON_LITERAL_NULL_CONVERSION = YES;
				CLANG_WARN_OBJC_IMPLICIT_RETAIN_SELF = YES;
				CLANG_WARN_OBJC_LITERAL_CONVERSION = YES;
				CLANG_WARN_OBJC_ROOT_CLASS = YES_ERROR;
				CLANG_WARN_QUOTED_INCLUDE_IN_FRAMEWORK_HEADER = YES;
				CLANG_WARN_RANGE_LOOP_ANALYSIS = YES;
				CLANG_WARN_STRICT_PROTOTYPES = YES;
				CLANG_WARN_SUSPICIOUS_MOVE = YES;
				CLANG_WARN_UNGUARDED_AVAILABILITY = YES_AGGRESSIVE;
				CLANG_WARN_UNREACHABLE_CODE = YES;
				CLANG_WARN__DUPLICATE_METHOD_MATCH = YES;
				COPY_PHASE_STRIP = NO;
				DEBUG_INFORMATION_FORMAT = "dwarf-with-dsym";
				ENABLE_NS_ASSERTIONS = NO;
				ENABLE_STRICT_OBJC_MSGSEND = YES;
				ENABLE_USER_SCRIPT_SANDBOXING = YES;
				GCC_C_LANGUAGE_STANDARD = gnu17;
				GCC_NO_COMMON_BLOCKS = YES;
				GCC_WARN_64_TO_32_BIT_CONVERSION = YES;
				GCC_WARN_ABOUT_RETURN_TYPE = YES_ERROR;
				GCC_WARN_UNDECLARED_SELECTOR = YES;
				GCC_WARN_UNINITIALIZED_AUTOS = YES_AGGRESSIVE;
				GCC_WARN_UNUSED_FUNCTION = YES;
				GCC_WARN_UNUSED_VARIABLE = YES;
				IPHONEOS_DEPLOYMENT_TARGET = 18.1;
				LOCALIZATION_PREFERS_STRING_CATALOGS = YES;
				MTL_ENABLE_DEBUG_INFO = NO;
				MTL_FAST_MATH = YES;
				SDKROOT = iphoneos;
				SWIFT_COMPILATION_MODE = wholemodule;
				VALIDATE_PRODUCT = YES;
			};
			name = Release;
		};
		D09A7D1F2CE3FB92004AC048 /* Debug */ = {
			isa = XCBuildConfiguration;
			buildSettings = {
				ASSETCATALOG_COMPILER_APPICON_NAME = AppIcon;
				ASSETCATALOG_COMPILER_GLOBAL_ACCENT_COLOR_NAME = AccentColor;
				CODE_SIGN_STYLE = Automatic;
				CURRENT_PROJECT_VERSION = 1;
				DEVELOPMENT_ASSET_PATHS = "\"EmojiHunter/Preview Content\"";
				ENABLE_PREVIEWS = YES;
				GENERATE_INFOPLIST_FILE = YES;
				INFOPLIST_KEY_UIApplicationSceneManifest_Generation = YES;
				INFOPLIST_KEY_UIApplicationSupportsIndirectInputEvents = YES;
				INFOPLIST_KEY_UILaunchScreen_Generation = YES;
				INFOPLIST_KEY_UISupportedInterfaceOrientations_iPad = "UIInterfaceOrientationPortrait UIInterfaceOrientationPortraitUpsideDown UIInterfaceOrientationLandscapeLeft UIInterfaceOrientationLandscapeRight";
				INFOPLIST_KEY_UISupportedInterfaceOrientations_iPhone = "UIInterfaceOrientationPortrait UIInterfaceOrientationLandscapeLeft UIInterfaceOrientationLandscapeRight";
				LD_RUNPATH_SEARCH_PATHS = (
					"$(inherited)",
					"@executable_path/Frameworks",
				);
				MARKETING_VERSION = 1.0;
				PRODUCT_BUNDLE_IDENTIFIER = justinoeni.EmojiHunter;
				PRODUCT_NAME = "$(TARGET_NAME)";
				SWIFT_EMIT_LOC_STRINGS = YES;
				SWIFT_VERSION = 5.0;
				TARGETED_DEVICE_FAMILY = "1,2";
			};
			name = Debug;
		};
		D09A7D202CE3FB92004AC048 /* Release */ = {
			isa = XCBuildConfiguration;
			buildSettings = {
				ASSETCATALOG_COMPILER_APPICON_NAME = AppIcon;
				ASSETCATALOG_COMPILER_GLOBAL_ACCENT_COLOR_NAME = AccentColor;
				CODE_SIGN_STYLE = Automatic;
				CURRENT_PROJECT_VERSION = 1;
				DEVELOPMENT_ASSET_PATHS = "\"EmojiHunter/Preview Content\"";
				ENABLE_PREVIEWS = YES;
				GENERATE_INFOPLIST_FILE = YES;
				INFOPLIST_KEY_UIApplicationSceneManifest_Generation = YES;
				INFOPLIST_KEY_UIApplicationSupportsIndirectInputEvents = YES;
				INFOPLIST_KEY_UILaunchScreen_Generation = YES;
				INFOPLIST_KEY_UISupportedInterfaceOrientations_iPad = "UIInterfaceOrientationPortrait UIInterfaceOrientationPortraitUpsideDown UIInterfaceOrientationLandscapeLeft UIInterfaceOrientationLandscapeRight";
				INFOPLIST_KEY_UISupportedInterfaceOrientations_iPhone = "UIInterfaceOrientationPortrait UIInterfaceOrientationLandscapeLeft UIInterfaceOrientationLandscapeRight";
				LD_RUNPATH_SEARCH_PATHS = (
					"$(inherited)",
					"@executable_path/Frameworks",
				);
				MARKETING_VERSION = 1.0;
				PRODUCT_BUNDLE_IDENTIFIER = justinoeni.EmojiHunter;
				PRODUCT_NAME = "$(TARGET_NAME)";
				SWIFT_EMIT_LOC_STRINGS = YES;
				SWIFT_VERSION = 5.0;
				TARGETED_DEVICE_FAMILY = "1,2";
			};
			name = Release;
		};
		D09A7D222CE3FB92004AC048 /* Debug */ = {
			isa = XCBuildConfiguration;
			buildSettings = {
				BUNDLE_LOADER = "$(TEST_HOST)";
				CODE_SIGN_STYLE = Automatic;
				CURRENT_PROJECT_VERSION = 1;
				GENERATE_INFOPLIST_FILE = YES;
				IPHONEOS_DEPLOYMENT_TARGET = 18.1;
				MARKETING_VERSION = 1.0;
				PRODUCT_BUNDLE_IDENTIFIER = justinoeni.EmojiHunterTests;
				PRODUCT_NAME = "$(TARGET_NAME)";
				SWIFT_EMIT_LOC_STRINGS = NO;
				SWIFT_VERSION = 5.0;
				TARGETED_DEVICE_FAMILY = "1,2";
				TEST_HOST = "$(BUILT_PRODUCTS_DIR)/EmojiHunter.app/$(BUNDLE_EXECUTABLE_FOLDER_PATH)/EmojiHunter";
			};
			name = Debug;
		};
		D09A7D232CE3FB92004AC048 /* Release */ = {
			isa = XCBuildConfiguration;
			buildSettings = {
				BUNDLE_LOADER = "$(TEST_HOST)";
				CODE_SIGN_STYLE = Automatic;
				CURRENT_PROJECT_VERSION = 1;
				GENERATE_INFOPLIST_FILE = YES;
				IPHONEOS_DEPLOYMENT_TARGET = 18.1;
				MARKETING_VERSION = 1.0;
				PRODUCT_BUNDLE_IDENTIFIER = justinoeni.EmojiHunterTests;
				PRODUCT_NAME = "$(TARGET_NAME)";
				SWIFT_EMIT_LOC_STRINGS = NO;
				SWIFT_VERSION = 5.0;
				TARGETED_DEVICE_FAMILY = "1,2";
				TEST_HOST = "$(BUILT_PRODUCTS_DIR)/EmojiHunter.app/$(BUNDLE_EXECUTABLE_FOLDER_PATH)/EmojiHunter";
			};
			name = Release;
		};
		D09A7D252CE3FB92004AC048 /* Debug */ = {
			isa = XCBuildConfiguration;
			buildSettings = {
				CODE_SIGN_STYLE = Automatic;
				CURRENT_PROJECT_VERSION = 1;
				GENERATE_INFOPLIST_FILE = YES;
				MARKETING_VERSION = 1.0;
				PRODUCT_BUNDLE_IDENTIFIER = justinoeni.EmojiHunterUITests;
				PRODUCT_NAME = "$(TARGET_NAME)";
				SWIFT_EMIT_LOC_STRINGS = NO;
				SWIFT_VERSION = 5.0;
				TARGETED_DEVICE_FAMILY = "1,2";
				TEST_TARGET_NAME = EmojiHunter;
			};
			name = Debug;
		};
		D09A7D262CE3FB92004AC048 /* Release */ = {
			isa = XCBuildConfiguration;
			buildSettings = {
				CODE_SIGN_STYLE = Automatic;
				CURRENT_PROJECT_VERSION = 1;
				GENERATE_INFOPLIST_FILE = YES;
				MARKETING_VERSION = 1.0;
				PRODUCT_BUNDLE_IDENTIFIER = justinoeni.EmojiHunterUITests;
				PRODUCT_NAME = "$(TARGET_NAME)";
				SWIFT_EMIT_LOC_STRINGS = NO;
				SWIFT_VERSION = 5.0;
				TARGETED_DEVICE_FAMILY = "1,2";
				TEST_TARGET_NAME = EmojiHunter;
			};
			name = Release;
		};
/* End XCBuildConfiguration section */

/* Begin XCConfigurationList section */
		D09A7CF52CE3FB90004AC048 /* Build configuration list for PBXProject "EmojiHunter" */ = {
			isa = XCConfigurationList;
			buildConfigurations = (
				D09A7D1C2CE3FB92004AC048 /* Debug */,
				D09A7D1D2CE3FB92004AC048 /* Release */,
			);
			defaultConfigurationIsVisible = 0;
			defaultConfigurationName = Release;
		};
		D09A7D1E2CE3FB92004AC048 /* Build configuration list for PBXNativeTarget "EmojiHunter" */ = {
			isa = XCConfigurationList;
			buildConfigurations = (
				D09A7D1F2CE3FB92004AC048 /* Debug */,
				D09A7D202CE3FB92004AC048 /* Release */,
			);
			defaultConfigurationIsVisible = 0;
			defaultConfigurationName = Release;
		};
		D09A7D212CE3FB92004AC048 /* Build configuration list for PBXNativeTarget "EmojiHunterTests" */ = {
			isa = XCConfigurationList;
			buildConfigurations = (
				D09A7D222CE3FB92004AC048 /* Debug */,
				D09A7D232CE3FB92004AC048 /* Release */,
			);
			defaultConfigurationIsVisible = 0;
			defaultConfigurationName = Release;
		};
		D09A7D242CE3FB92004AC048 /* Build configuration list for PBXNativeTarget "EmojiHunterUITests" */ = {
			isa = XCConfigurationList;
			buildConfigurations = (
				D09A7D252CE3FB92004AC048 /* Debug */,
				D09A7D262CE3FB92004AC048 /* Release */,
			);
			defaultConfigurationIsVisible = 0;
			defaultConfigurationName = Release;
		};
/* End XCConfigurationList section */
	};
	rootObject = D09A7CF22CE3FB90004AC048 /* Project object */;
}
